// !$*UTF8*$!
{
	archiveVersion = 1;
	classes = {
	};
	objectVersion = 56;
	objects = {

/* Begin PBXBuildFile section */
		D3639A2E28EB18FB0016BB36 /* FlamCam.m in Sources */ = {isa = PBXBuildFile; fileRef = D3639A2C28EB18FA0016BB36 /* FlamCam.m */; };
		D3639A3028EB195C0016BB36 /* UnityFramework.framework in Embed Frameworks */ = {isa = PBXBuildFile; fileRef = D3C6663928E81DA6004E9936 /* UnityFramework.framework */; settings = {ATTRIBUTES = (CodeSignOnCopy, RemoveHeadersOnCopy, ); }; };
		D3639A3528EB19650016BB36 /* VuforiaEngine.framework in Embed Frameworks */ = {isa = PBXBuildFile; fileRef = D3639A3228EB19650016BB36 /* VuforiaEngine.framework */; settings = {ATTRIBUTES = (CodeSignOnCopy, RemoveHeadersOnCopy, ); }; };
		D3639A3728EB19650016BB36 /* UnityDriver.framework in Embed Frameworks */ = {isa = PBXBuildFile; fileRef = D3639A3328EB19650016BB36 /* UnityDriver.framework */; settings = {ATTRIBUTES = (CodeSignOnCopy, RemoveHeadersOnCopy, ); }; };
		D3C6662128E81D34004E9936 /* AppDelegate.m in Sources */ = {isa = PBXBuildFile; fileRef = D3C6662028E81D34004E9936 /* AppDelegate.m */; };
		D3C6662428E81D34004E9936 /* SceneDelegate.m in Sources */ = {isa = PBXBuildFile; fileRef = D3C6662328E81D34004E9936 /* SceneDelegate.m */; };
		D3C6662728E81D34004E9936 /* ViewController.m in Sources */ = {isa = PBXBuildFile; fileRef = D3C6662628E81D34004E9936 /* ViewController.m */; };
		D3C6662A28E81D34004E9936 /* Main.storyboard in Resources */ = {isa = PBXBuildFile; fileRef = D3C6662828E81D34004E9936 /* Main.storyboard */; };
		D3C6662C28E81D35004E9936 /* Assets.xcassets in Resources */ = {isa = PBXBuildFile; fileRef = D3C6662B28E81D35004E9936 /* Assets.xcassets */; };
		D3C6662F28E81D35004E9936 /* LaunchScreen.storyboard in Resources */ = {isa = PBXBuildFile; fileRef = D3C6662D28E81D35004E9936 /* LaunchScreen.storyboard */; };
/* End PBXBuildFile section */

/* Begin PBXCopyFilesBuildPhase section */
		D3639A3128EB195C0016BB36 /* Embed Frameworks */ = {
			isa = PBXCopyFilesBuildPhase;
			buildActionMask = 2147483647;
			dstPath = "";
			dstSubfolderSpec = 10;
			files = (
				D3639A3028EB195C0016BB36 /* UnityFramework.framework in Embed Frameworks */,
				D3639A3728EB19650016BB36 /* UnityDriver.framework in Embed Frameworks */,
				D3639A3528EB19650016BB36 /* VuforiaEngine.framework in Embed Frameworks */,
			);
			name = "Embed Frameworks";
			runOnlyForDeploymentPostprocessing = 0;
		};
/* End PBXCopyFilesBuildPhase section */

/* Begin PBXFileReference section */
		D3639A2C28EB18FA0016BB36 /* FlamCam.m */ = {isa = PBXFileReference; fileEncoding = 4; lastKnownFileType = sourcecode.c.objc; path = FlamCam.m; sourceTree = "<group>"; };
		D3639A2D28EB18FB0016BB36 /* FlamCam.h */ = {isa = PBXFileReference; fileEncoding = 4; lastKnownFileType = sourcecode.c.h; path = FlamCam.h; sourceTree = "<group>"; };
		D3639A3228EB19650016BB36 /* VuforiaEngine.framework */ = {isa = PBXFileReference; lastKnownFileType = wrapper.framework; name = VuforiaEngine.framework; path = ../FlamCamiOSBuild/Frameworks/com.ptc.vuforia.engine/Vuforia/Plugins/iOS/VuforiaEngine.framework; sourceTree = "<group>"; };
		D3639A3328EB19650016BB36 /* UnityDriver.framework */ = {isa = PBXFileReference; lastKnownFileType = wrapper.framework; name = UnityDriver.framework; path = ../FlamCamiOSBuild/Frameworks/com.ptc.vuforia.engine/Vuforia/Plugins/iOS/UnityDriver.framework; sourceTree = "<group>"; };
		D3C6661C28E81D34004E9936 /* NativeiOSApp.app */ = {isa = PBXFileReference; explicitFileType = wrapper.application; includeInIndex = 0; path = NativeiOSApp.app; sourceTree = BUILT_PRODUCTS_DIR; };
		D3C6661F28E81D34004E9936 /* AppDelegate.h */ = {isa = PBXFileReference; lastKnownFileType = sourcecode.c.h; path = AppDelegate.h; sourceTree = "<group>"; };
		D3C6662028E81D34004E9936 /* AppDelegate.m */ = {isa = PBXFileReference; lastKnownFileType = sourcecode.c.objc; path = AppDelegate.m; sourceTree = "<group>"; };
		D3C6662228E81D34004E9936 /* SceneDelegate.h */ = {isa = PBXFileReference; lastKnownFileType = sourcecode.c.h; path = SceneDelegate.h; sourceTree = "<group>"; };
		D3C6662328E81D34004E9936 /* SceneDelegate.m */ = {isa = PBXFileReference; lastKnownFileType = sourcecode.c.objc; path = SceneDelegate.m; sourceTree = "<group>"; };
		D3C6662528E81D34004E9936 /* ViewController.h */ = {isa = PBXFileReference; lastKnownFileType = sourcecode.c.h; path = ViewController.h; sourceTree = "<group>"; };
		D3C6662628E81D34004E9936 /* ViewController.m */ = {isa = PBXFileReference; lastKnownFileType = sourcecode.c.objc; path = ViewController.m; sourceTree = "<group>"; };
		D3C6662928E81D34004E9936 /* Base */ = {isa = PBXFileReference; lastKnownFileType = file.storyboard; name = Base; path = Base.lproj/Main.storyboard; sourceTree = "<group>"; };
		D3C6662B28E81D35004E9936 /* Assets.xcassets */ = {isa = PBXFileReference; lastKnownFileType = folder.assetcatalog; path = Assets.xcassets; sourceTree = "<group>"; };
		D3C6662E28E81D35004E9936 /* Base */ = {isa = PBXFileReference; lastKnownFileType = file.storyboard; name = Base; path = Base.lproj/LaunchScreen.storyboard; sourceTree = "<group>"; };
		D3C6663028E81D35004E9936 /* Info.plist */ = {isa = PBXFileReference; lastKnownFileType = text.plist.xml; path = Info.plist; sourceTree = "<group>"; };
		D3C6663928E81DA6004E9936 /* UnityFramework.framework */ = {isa = PBXFileReference; explicitFileType = wrapper.framework; path = UnityFramework.framework; sourceTree = BUILT_PRODUCTS_DIR; };
		D3C6663D28E81DC9004E9936 /* VuforiaEngine.framework */ = {isa = PBXFileReference; lastKnownFileType = wrapper.framework; name = VuforiaEngine.framework; path = ../UnityiOSBuild/Frameworks/com.ptc.vuforia.engine/Vuforia/Plugins/iOS/VuforiaEngine.framework; sourceTree = "<group>"; };
		D3C6664028E81DCA004E9936 /* UnityDriver.framework */ = {isa = PBXFileReference; lastKnownFileType = wrapper.framework; name = UnityDriver.framework; path = ../UnityiOSBuild/Frameworks/com.ptc.vuforia.engine/Vuforia/Plugins/iOS/UnityDriver.framework; sourceTree = "<group>"; };
/* End PBXFileReference section */

/* Begin PBXFrameworksBuildPhase section */
		D3C6661928E81D34004E9936 /* Frameworks */ = {
			isa = PBXFrameworksBuildPhase;
			buildActionMask = 2147483647;
			files = (
			);
			runOnlyForDeploymentPostprocessing = 0;
		};
/* End PBXFrameworksBuildPhase section */

/* Begin PBXGroup section */
		D3C6661328E81D34004E9936 = {
			isa = PBXGroup;
			children = (
				D3C6661E28E81D34004E9936 /* NativeiOSApp */,
				D3C6661D28E81D34004E9936 /* Products */,
				D3C6663828E81DA6004E9936 /* Frameworks */,
			);
			sourceTree = "<group>";
		};
		D3C6661D28E81D34004E9936 /* Products */ = {
			isa = PBXGroup;
			children = (
				D3C6661C28E81D34004E9936 /* NativeiOSApp.app */,
			);
			name = Products;
			sourceTree = "<group>";
		};
		D3C6661E28E81D34004E9936 /* NativeiOSApp */ = {
			isa = PBXGroup;
			children = (
				D3639A2D28EB18FB0016BB36 /* FlamCam.h */,
				D3639A2C28EB18FA0016BB36 /* FlamCam.m */,
				D3C6661F28E81D34004E9936 /* AppDelegate.h */,
				D3C6662028E81D34004E9936 /* AppDelegate.m */,
				D3C6662228E81D34004E9936 /* SceneDelegate.h */,
				D3C6662328E81D34004E9936 /* SceneDelegate.m */,
				D3C6662528E81D34004E9936 /* ViewController.h */,
				D3C6662628E81D34004E9936 /* ViewController.m */,
				D3C6662828E81D34004E9936 /* Main.storyboard */,
				D3C6662B28E81D35004E9936 /* Assets.xcassets */,
				D3C6662D28E81D35004E9936 /* LaunchScreen.storyboard */,
				D3C6663028E81D35004E9936 /* Info.plist */,
			);
			path = NativeiOSApp;
			sourceTree = "<group>";
		};
		D3C6663828E81DA6004E9936 /* Frameworks */ = {
			isa = PBXGroup;
			children = (
				D3C6663928E81DA6004E9936 /* UnityFramework.framework */,
				D3639A3228EB19650016BB36 /* VuforiaEngine.framework */,
				D3639A3328EB19650016BB36 /* UnityDriver.framework */,
				D3C6663D28E81DC9004E9936 /* VuforiaEngine.framework */,
				D3C6664028E81DCA004E9936 /* UnityDriver.framework */,
			);
			name = Frameworks;
			sourceTree = "<group>";
		};
/* End PBXGroup section */

/* Begin PBXNativeTarget section */
		D3C6661B28E81D34004E9936 /* NativeiOSApp */ = {
			isa = PBXNativeTarget;
			buildConfigurationList = D3C6663528E81D35004E9936 /* Build configuration list for PBXNativeTarget "NativeiOSApp" */;
			buildPhases = (
				D3C6661828E81D34004E9936 /* Sources */,
				D3C6661928E81D34004E9936 /* Frameworks */,
				D3C6661A28E81D34004E9936 /* Resources */,
				D3639A3128EB195C0016BB36 /* Embed Frameworks */,
			);
			buildRules = (
			);
			dependencies = (
			);
			name = NativeiOSApp;
			productName = NativeiOSApp;
			productReference = D3C6661C28E81D34004E9936 /* NativeiOSApp.app */;
			productType = "com.apple.product-type.application";
		};
/* End PBXNativeTarget section */

/* Begin PBXProject section */
		D3C6661428E81D34004E9936 /* Project object */ = {
			isa = PBXProject;
			attributes = {
				BuildIndependentTargetsInParallel = 1;
				LastUpgradeCheck = 1400;
				TargetAttributes = {
					D3C6661B28E81D34004E9936 = {
						CreatedOnToolsVersion = 14.0.1;
					};
				};
			};
			buildConfigurationList = D3C6661728E81D34004E9936 /* Build configuration list for PBXProject "NativeiOSApp" */;
			compatibilityVersion = "Xcode 14.0";
			developmentRegion = en;
			hasScannedForEncodings = 0;
			knownRegions = (
				en,
				Base,
			);
			mainGroup = D3C6661328E81D34004E9936;
			productRefGroup = D3C6661D28E81D34004E9936 /* Products */;
			projectDirPath = "";
			projectRoot = "";
			targets = (
				D3C6661B28E81D34004E9936 /* NativeiOSApp */,
			);
		};
/* End PBXProject section */

/* Begin PBXResourcesBuildPhase section */
		D3C6661A28E81D34004E9936 /* Resources */ = {
			isa = PBXResourcesBuildPhase;
			buildActionMask = 2147483647;
			files = (
				D3C6662F28E81D35004E9936 /* LaunchScreen.storyboard in Resources */,
				D3C6662C28E81D35004E9936 /* Assets.xcassets in Resources */,
				D3C6662A28E81D34004E9936 /* Main.storyboard in Resources */,
			);
			runOnlyForDeploymentPostprocessing = 0;
		};
/* End PBXResourcesBuildPhase section */

/* Begin PBXSourcesBuildPhase section */
		D3C6661828E81D34004E9936 /* Sources */ = {
			isa = PBXSourcesBuildPhase;
			buildActionMask = 2147483647;
			files = (
				D3C6662728E81D34004E9936 /* ViewController.m in Sources */,
				D3639A2E28EB18FB0016BB36 /* FlamCam.m in Sources */,
				D3C6662128E81D34004E9936 /* AppDelegate.m in Sources */,
				D3C6662428E81D34004E9936 /* SceneDelegate.m in Sources */,
			);
			runOnlyForDeploymentPostprocessing = 0;
		};
/* End PBXSourcesBuildPhase section */

/* Begin PBXVariantGroup section */
		D3C6662828E81D34004E9936 /* Main.storyboard */ = {
			isa = PBXVariantGroup;
			children = (
				D3C6662928E81D34004E9936 /* Base */,
			);
			name = Main.storyboard;
			sourceTree = "<group>";
		};
		D3C6662D28E81D35004E9936 /* LaunchScreen.storyboard */ = {
			isa = PBXVariantGroup;
			children = (
				D3C6662E28E81D35004E9936 /* Base */,
			);
			name = LaunchScreen.storyboard;
			sourceTree = "<group>";
		};
/* End PBXVariantGroup section */

/* Begin XCBuildConfiguration section */
		D3C6663328E81D35004E9936 /* Debug */ = {
			isa = XCBuildConfiguration;
			buildSettings = {
				ALWAYS_SEARCH_USER_PATHS = NO;
				CLANG_ANALYZER_NONNULL = YES;
				CLANG_ANALYZER_NUMBER_OBJECT_CONVERSION = YES_AGGRESSIVE;
				CLANG_CXX_LANGUAGE_STANDARD = "gnu++20";
				CLANG_ENABLE_MODULES = YES;
				CLANG_ENABLE_OBJC_ARC = YES;
				CLANG_ENABLE_OBJC_WEAK = YES;
				CLANG_WARN_BLOCK_CAPTURE_AUTORELEASING = YES;
				CLANG_WARN_BOOL_CONVERSION = YES;
				CLANG_WARN_COMMA = YES;
				CLANG_WARN_CONSTANT_CONVERSION = YES;
				CLANG_WARN_DEPRECATED_OBJC_IMPLEMENTATIONS = YES;
				CLANG_WARN_DIRECT_OBJC_ISA_USAGE = YES_ERROR;
				CLANG_WARN_DOCUMENTATION_COMMENTS = YES;
				CLANG_WARN_EMPTY_BODY = YES;
				CLANG_WARN_ENUM_CONVERSION = YES;
				CLANG_WARN_INFINITE_RECURSION = YES;
				CLANG_WARN_INT_CONVERSION = YES;
				CLANG_WARN_NON_LITERAL_NULL_CONVERSION = YES;
				CLANG_WARN_OBJC_IMPLICIT_RETAIN_SELF = YES;
				CLANG_WARN_OBJC_LITERAL_CONVERSION = YES;
				CLANG_WARN_OBJC_ROOT_CLASS = YES_ERROR;
				CLANG_WARN_QUOTED_INCLUDE_IN_FRAMEWORK_HEADER = YES;
				CLANG_WARN_RANGE_LOOP_ANALYSIS = YES;
				CLANG_WARN_STRICT_PROTOTYPES = YES;
				CLANG_WARN_SUSPICIOUS_MOVE = YES;
				CLANG_WARN_UNGUARDED_AVAILABILITY = YES_AGGRESSIVE;
				CLANG_WARN_UNREACHABLE_CODE = YES;
				CLANG_WARN__DUPLICATE_METHOD_MATCH = YES;
				COPY_PHASE_STRIP = NO;
				DEBUG_INFORMATION_FORMAT = dwarf;
				ENABLE_STRICT_OBJC_MSGSEND = YES;
				ENABLE_TESTABILITY = YES;
				GCC_C_LANGUAGE_STANDARD = gnu11;
				GCC_DYNAMIC_NO_PIC = NO;
				GCC_NO_COMMON_BLOCKS = YES;
				GCC_OPTIMIZATION_LEVEL = 0;
				GCC_PREPROCESSOR_DEFINITIONS = (
					"DEBUG=1",
					"$(inherited)",
				);
				GCC_WARN_64_TO_32_BIT_CONVERSION = YES;
				GCC_WARN_ABOUT_RETURN_TYPE = YES_ERROR;
				GCC_WARN_UNDECLARED_SELECTOR = YES;
				GCC_WARN_UNINITIALIZED_AUTOS = YES_AGGRESSIVE;
				GCC_WARN_UNUSED_FUNCTION = YES;
				GCC_WARN_UNUSED_VARIABLE = YES;
				IPHONEOS_DEPLOYMENT_TARGET = 16.0;
				MTL_ENABLE_DEBUG_INFO = INCLUDE_SOURCE;
				MTL_FAST_MATH = YES;
				ONLY_ACTIVE_ARCH = YES;
				SDKROOT = iphoneos;
			};
			name = Debug;
		};
		D3C6663428E81D35004E9936 /* Release */ = {
			isa = XCBuildConfiguration;
			buildSettings = {
				ALWAYS_SEARCH_USER_PATHS = NO;
				CLANG_ANALYZER_NONNULL = YES;
				CLANG_ANALYZER_NUMBER_OBJECT_CONVERSION = YES_AGGRESSIVE;
				CLANG_CXX_LANGUAGE_STANDARD = "gnu++20";
				CLANG_ENABLE_MODULES = YES;
				CLANG_ENABLE_OBJC_ARC = YES;
				CLANG_ENABLE_OBJC_WEAK = YES;
				CLANG_WARN_BLOCK_CAPTURE_AUTORELEASING = YES;
				CLANG_WARN_BOOL_CONVERSION = YES;
				CLANG_WARN_COMMA = YES;
				CLANG_WARN_CONSTANT_CONVERSION = YES;
				CLANG_WARN_DEPRECATED_OBJC_IMPLEMENTATIONS = YES;
				CLANG_WARN_DIRECT_OBJC_ISA_USAGE = YES_ERROR;
				CLANG_WARN_DOCUMENTATION_COMMENTS = YES;
				CLANG_WARN_EMPTY_BODY = YES;
				CLANG_WARN_ENUM_CONVERSION = YES;
				CLANG_WARN_INFINITE_RECURSION = YES;
				CLANG_WARN_INT_CONVERSION = YES;
				CLANG_WARN_NON_LITERAL_NULL_CONVERSION = YES;
				CLANG_WARN_OBJC_IMPLICIT_RETAIN_SELF = YES;
				CLANG_WARN_OBJC_LITERAL_CONVERSION = YES;
				CLANG_WARN_OBJC_ROOT_CLASS = YES_ERROR;
				CLANG_WARN_QUOTED_INCLUDE_IN_FRAMEWORK_HEADER = YES;
				CLANG_WARN_RANGE_LOOP_ANALYSIS = YES;
				CLANG_WARN_STRICT_PROTOTYPES = YES;
				CLANG_WARN_SUSPICIOUS_MOVE = YES;
				CLANG_WARN_UNGUARDED_AVAILABILITY = YES_AGGRESSIVE;
				CLANG_WARN_UNREACHABLE_CODE = YES;
				CLANG_WARN__DUPLICATE_METHOD_MATCH = YES;
				COPY_PHASE_STRIP = NO;
				DEBUG_INFORMATION_FORMAT = "dwarf-with-dsym";
				ENABLE_NS_ASSERTIONS = NO;
				ENABLE_STRICT_OBJC_MSGSEND = YES;
				GCC_C_LANGUAGE_STANDARD = gnu11;
				GCC_NO_COMMON_BLOCKS = YES;
				GCC_WARN_64_TO_32_BIT_CONVERSION = YES;
				GCC_WARN_ABOUT_RETURN_TYPE = YES_ERROR;
				GCC_WARN_UNDECLARED_SELECTOR = YES;
				GCC_WARN_UNINITIALIZED_AUTOS = YES_AGGRESSIVE;
				GCC_WARN_UNUSED_FUNCTION = YES;
				GCC_WARN_UNUSED_VARIABLE = YES;
				IPHONEOS_DEPLOYMENT_TARGET = 16.0;
				MTL_ENABLE_DEBUG_INFO = NO;
				MTL_FAST_MATH = YES;
				SDKROOT = iphoneos;
				VALIDATE_PRODUCT = YES;
			};
			name = Release;
		};
		D3C6663628E81D35004E9936 /* Debug */ = {
			isa = XCBuildConfiguration;
			buildSettings = {
				ASSETCATALOG_COMPILER_APPICON_NAME = AppIcon;
				ASSETCATALOG_COMPILER_GLOBAL_ACCENT_COLOR_NAME = AccentColor;
				CODE_SIGN_STYLE = Automatic;
				CURRENT_PROJECT_VERSION = 1;
				DEVELOPMENT_TEAM = Z5848HL9S4;
				GENERATE_INFOPLIST_FILE = YES;
				INFOPLIST_FILE = NativeiOSApp/Info.plist;
				INFOPLIST_KEY_NSCameraUsageDescription = "$(PRODUCT_NAME) uses camera for augmented reality";
				INFOPLIST_KEY_UIApplicationSupportsIndirectInputEvents = YES;
				INFOPLIST_KEY_UILaunchStoryboardName = LaunchScreen;
				INFOPLIST_KEY_UIMainStoryboardFile = Main;
				INFOPLIST_KEY_UISupportedInterfaceOrientations = UIInterfaceOrientationPortrait;
				IPHONEOS_DEPLOYMENT_TARGET = 12.0;
				LD_RUNPATH_SEARCH_PATHS = (
					"$(inherited)",
					"@executable_path/Frameworks",
				);
				MARKETING_VERSION = 1.0;
				PRODUCT_BUNDLE_IDENTIFIER = com.flam.NativeiOSApp;
				PRODUCT_NAME = "$(TARGET_NAME)";
				SUPPORTED_PLATFORMS = "iphoneos iphonesimulator";
				SUPPORTS_MACCATALYST = NO;
				SUPPORTS_MAC_DESIGNED_FOR_IPHONE_IPAD = NO;
				SWIFT_EMIT_LOC_STRINGS = YES;
				TARGETED_DEVICE_FAMILY = "1,2";
			};
			name = Debug;
		};
		D3C6663728E81D35004E9936 /* Release */ = {
			isa = XCBuildConfiguration;
			buildSettings = {
				ASSETCATALOG_COMPILER_APPICON_NAME = AppIcon;
				ASSETCATALOG_COMPILER_GLOBAL_ACCENT_COLOR_NAME = AccentColor;
				CODE_SIGN_STYLE = Automatic;
				CURRENT_PROJECT_VERSION = 1;
				DEVELOPMENT_TEAM = Z5848HL9S4;
				GENERATE_INFOPLIST_FILE = YES;
				INFOPLIST_FILE = NativeiOSApp/Info.plist;
				INFOPLIST_KEY_NSCameraUsageDescription = "$(PRODUCT_NAME) uses camera for augmented reality";
				INFOPLIST_KEY_UIApplicationSupportsIndirectInputEvents = YES;
				INFOPLIST_KEY_UILaunchStoryboardName = LaunchScreen;
				INFOPLIST_KEY_UIMainStoryboardFile = Main;
				INFOPLIST_KEY_UISupportedInterfaceOrientations = UIInterfaceOrientationPortrait;
				IPHONEOS_DEPLOYMENT_TARGET = 12.0;
				LD_RUNPATH_SEARCH_PATHS = (
					"$(inherited)",
					"@executable_path/Frameworks",
				);
				MARKETING_VERSION = 1.0;
				PRODUCT_BUNDLE_IDENTIFIER = com.flam.NativeiOSApp;
				PRODUCT_NAME = "$(TARGET_NAME)";
				SUPPORTED_PLATFORMS = "iphoneos iphonesimulator";
				SUPPORTS_MACCATALYST = NO;
				SUPPORTS_MAC_DESIGNED_FOR_IPHONE_IPAD = NO;
				SWIFT_EMIT_LOC_STRINGS = YES;
				TARGETED_DEVICE_FAMILY = "1,2";
			};
			name = Release;
		};
/* End XCBuildConfiguration section */

/* Begin XCConfigurationList section */
		D3C6661728E81D34004E9936 /* Build configuration list for PBXProject "NativeiOSApp" */ = {
			isa = XCConfigurationList;
			buildConfigurations = (
				D3C6663328E81D35004E9936 /* Debug */,
				D3C6663428E81D35004E9936 /* Release */,
			);
			defaultConfigurationIsVisible = 0;
			defaultConfigurationName = Release;
		};
		D3C6663528E81D35004E9936 /* Build configuration list for PBXNativeTarget "NativeiOSApp" */ = {
			isa = XCConfigurationList;
			buildConfigurations = (
				D3C6663628E81D35004E9936 /* Debug */,
				D3C6663728E81D35004E9936 /* Release */,
			);
			defaultConfigurationIsVisible = 0;
			defaultConfigurationName = Release;
		};
/* End XCConfigurationList section */
	};
	rootObject = D3C6661428E81D34004E9936 /* Project object */;
}
